
Microsoft Visual Studio Solution File, Format Version 12.00
# Visual Studio Version 17
VisualStudioVersion = 17.1.32319.34
MinimumVisualStudioVersion = 10.0.40219.1
Project("{FAE04EC0-301F-11D3-BF4B-00C04F79EFBC}") = "Trabalho N1", "Trabalho N1\Trabalho N1.csproj", "{F37FD32B-6D3B-49DC-A526-192E438616A3}"
EndProject
Global
	GlobalSection(SolutionConfigurationPlatforms) = preSolution
		Debug|Any CPU = Debug|Any CPU
		Release|Any CPU = Release|Any CPU
	EndGlobalSection
	GlobalSection(ProjectConfigurationPlatforms) = postSolution
		{F37FD32B-6D3B-49DC-A526-192E438616A3}.Debug|Any CPU.ActiveCfg = Debug|Any CPU
		{F37FD32B-6D3B-49DC-A526-192E438616A3}.Debug|Any CPU.Build.0 = Debug|Any CPU
		{F37FD32B-6D3B-49DC-A526-192E438616A3}.Release|Any CPU.ActiveCfg = Release|Any CPU
		{F37FD32B-6D3B-49DC-A526-192E438616A3}.Release|Any CPU.Build.0 = Release|Any CPU
	EndGlobalSection
	GlobalSection(SolutionProperties) = preSolution
		HideSolutionNode = FALSE
	EndGlobalSection
	GlobalSection(ExtensibilityGlobals) = postSolution
		SolutionGuid = {625A162E-0F88-4BFB-A8AF-6E68CC0F1079}
	EndGlobalSection
EndGlobal
